
Microsoft Visual Studio Solution File, Format Version 12.00
# Visual Studio Version 16
VisualStudioVersion = 16.0.31501.217
MinimumVisualStudioVersion = 10.0.40219.1
Project("{FAE04EC0-301F-11D3-BF4B-00C04F79EFBC}") = "React_Data_Table_webAPI", "React_Data_Table_webAPI\React_Data_Table_webAPI.csproj", "{7007BB38-A7BA-426A-A6B4-12FC837FF010}"
EndProject
Global
	GlobalSection(SolutionConfigurationPlatforms) = preSolution
		Debug|Any CPU = Debug|Any CPU
		Release|Any CPU = Release|Any CPU
	EndGlobalSection
	GlobalSection(ProjectConfigurationPlatforms) = postSolution
		{7007BB38-A7BA-426A-A6B4-12FC837FF010}.Debug|Any CPU.ActiveCfg = Debug|Any CPU
		{7007BB38-A7BA-426A-A6B4-12FC837FF010}.Debug|Any CPU.Build.0 = Debug|Any CPU
		{7007BB38-A7BA-426A-A6B4-12FC837FF010}.Release|Any CPU.ActiveCfg = Release|Any CPU
		{7007BB38-A7BA-426A-A6B4-12FC837FF010}.Release|Any CPU.Build.0 = Release|Any CPU
	EndGlobalSection
	GlobalSection(SolutionProperties) = preSolution
		HideSolutionNode = FALSE
	EndGlobalSection
	GlobalSection(ExtensibilityGlobals) = postSolution
		SolutionGuid = {C8E7816E-5499-4903-863D-7D5A41598058}
	EndGlobalSection
EndGlobal
